# THIS IS AN AUTOGENERATED FILE. DO NOT EDIT THIS FILE DIRECTLY.
# yarn lockfile v1


"@ant-design/v5-patch-for-react-19@^1.0.3":
  version "1.0.3"
  resolved "https://registry.npmmirror.com/@ant-design/v5-patch-for-react-19/-/v5-patch-for-react-19-1.0.3.tgz#6f522be2dd3440952617590bde5a1237a848a416"
  integrity sha512-iWfZuSUl5kuhqLUw7jJXUQFMMkM7XpW7apmKzQBQHU0cpifYW4A79xIBt9YVO5IBajKpPG5UKP87Ft7Yrw1p/w==
